
Microsoft Visual Studio Solution File, Format Version 12.00
# Visual Studio Version 16
VisualStudioVersion = 16.0.30413.136
MinimumVisualStudioVersion = 10.0.40219.1
Project("{FAE04EC0-301F-11D3-BF4B-00C04F79EFBC}") = "Grade-4", "Grade-4\Grade-4.csproj", "{B30264CF-B08F-47D8-A2D1-0762EB07B7B4}"
EndProject
Global
	GlobalSection(SolutionConfigurationPlatforms) = preSolution
		Debug|Any CPU = Debug|Any CPU
		Release|Any CPU = Release|Any CPU
	EndGlobalSection
	GlobalSection(ProjectConfigurationPlatforms) = postSolution
		{B30264CF-B08F-47D8-A2D1-0762EB07B7B4}.Debug|Any CPU.ActiveCfg = Debug|Any CPU
		{B30264CF-B08F-47D8-A2D1-0762EB07B7B4}.Debug|Any CPU.Build.0 = Debug|Any CPU
		{B30264CF-B08F-47D8-A2D1-0762EB07B7B4}.Release|Any CPU.ActiveCfg = Release|Any CPU
		{B30264CF-B08F-47D8-A2D1-0762EB07B7B4}.Release|Any CPU.Build.0 = Release|Any CPU
	EndGlobalSection
	GlobalSection(SolutionProperties) = preSolution
		HideSolutionNode = FALSE
	EndGlobalSection
	GlobalSection(ExtensibilityGlobals) = postSolution
		SolutionGuid = {DBBB0D11-F3CA-4E33-8B3F-141AF1A79E4F}
	EndGlobalSection
EndGlobal
